
Microsoft Visual Studio Solution File, Format Version 12.00
# Visual Studio Version 17
VisualStudioVersion = 17.4.33205.214
MinimumVisualStudioVersion = 10.0.40219.1
Project("{FAE04EC0-301F-11D3-BF4B-00C04F79EFBC}") = "MVVM", "MVVM\MVVM.csproj", "{EB595029-DE04-446C-971D-99E20EBEAD5A}"
EndProject
Global
	GlobalSection(SolutionConfigurationPlatforms) = preSolution
		Debug|Any CPU = Debug|Any CPU
		Release|Any CPU = Release|Any CPU
	EndGlobalSection
	GlobalSection(ProjectConfigurationPlatforms) = postSolution
		{EB595029-DE04-446C-971D-99E20EBEAD5A}.Debug|Any CPU.ActiveCfg = Debug|Any CPU
		{EB595029-DE04-446C-971D-99E20EBEAD5A}.Debug|Any CPU.Build.0 = Debug|Any CPU
		{EB595029-DE04-446C-971D-99E20EBEAD5A}.Release|Any CPU.ActiveCfg = Release|Any CPU
		{EB595029-DE04-446C-971D-99E20EBEAD5A}.Release|Any CPU.Build.0 = Release|Any CPU
	EndGlobalSection
	GlobalSection(SolutionProperties) = preSolution
		HideSolutionNode = FALSE
	EndGlobalSection
	GlobalSection(ExtensibilityGlobals) = postSolution
		SolutionGuid = {73217306-0FC4-4753-ACBF-0616651AE25A}
	EndGlobalSection
EndGlobal
